
Microsoft Visual Studio Solution File, Format Version 12.00
# Visual Studio Version 17
VisualStudioVersion = 17.6.33815.320
MinimumVisualStudioVersion = 10.0.40219.1
Project("{FAE04EC0-301F-11D3-BF4B-00C04F79EFBC}") = "ProcessPurchase.Domain", "ProcessPurchase.Domain\ProcessPurchase.Domain.csproj", "{65A1166E-573B-402B-B125-65037EEE181C}"
EndProject
Global
	GlobalSection(SolutionConfigurationPlatforms) = preSolution
		Debug|Any CPU = Debug|Any CPU
		Release|Any CPU = Release|Any CPU
	EndGlobalSection
	GlobalSection(ProjectConfigurationPlatforms) = postSolution
		{65A1166E-573B-402B-B125-65037EEE181C}.Debug|Any CPU.ActiveCfg = Debug|Any CPU
		{65A1166E-573B-402B-B125-65037EEE181C}.Debug|Any CPU.Build.0 = Debug|Any CPU
		{65A1166E-573B-402B-B125-65037EEE181C}.Release|Any CPU.ActiveCfg = Release|Any CPU
		{65A1166E-573B-402B-B125-65037EEE181C}.Release|Any CPU.Build.0 = Release|Any CPU
	EndGlobalSection
	GlobalSection(SolutionProperties) = preSolution
		HideSolutionNode = FALSE
	EndGlobalSection
	GlobalSection(ExtensibilityGlobals) = postSolution
		SolutionGuid = {82C88AB9-7478-478F-B98F-AD32B15C98AC}
	EndGlobalSection
EndGlobal
